
Microsoft Visual Studio Solution File, Format Version 12.00
# Visual Studio Version 16
VisualStudioVersion = 16.0.29613.14
MinimumVisualStudioVersion = 10.0.40219.1
Project("{FAE04EC0-301F-11D3-BF4B-00C04F79EFBC}") = "mlp", "mlp\mlp.csproj", "{64D256C0-7D20-4CC3-9AE1-98F1C955B2F2}"
EndProject
Project("{FAE04EC0-301F-11D3-BF4B-00C04F79EFBC}") = "mlp.Tests", "mlp.Tests\mlp.Tests.csproj", "{8FD159B2-2143-403C-9E7B-DC2041BDF8C6}"
EndProject
Global
	GlobalSection(SolutionConfigurationPlatforms) = preSolution
		Debug|Any CPU = Debug|Any CPU
		Release|Any CPU = Release|Any CPU
	EndGlobalSection
	GlobalSection(ProjectConfigurationPlatforms) = postSolution
		{64D256C0-7D20-4CC3-9AE1-98F1C955B2F2}.Debug|Any CPU.ActiveCfg = Debug|Any CPU
		{64D256C0-7D20-4CC3-9AE1-98F1C955B2F2}.Debug|Any CPU.Build.0 = Debug|Any CPU
		{64D256C0-7D20-4CC3-9AE1-98F1C955B2F2}.Release|Any CPU.ActiveCfg = Release|Any CPU
		{64D256C0-7D20-4CC3-9AE1-98F1C955B2F2}.Release|Any CPU.Build.0 = Release|Any CPU
		{8FD159B2-2143-403C-9E7B-DC2041BDF8C6}.Debug|Any CPU.ActiveCfg = Debug|Any CPU
		{8FD159B2-2143-403C-9E7B-DC2041BDF8C6}.Debug|Any CPU.Build.0 = Debug|Any CPU
		{8FD159B2-2143-403C-9E7B-DC2041BDF8C6}.Release|Any CPU.ActiveCfg = Release|Any CPU
		{8FD159B2-2143-403C-9E7B-DC2041BDF8C6}.Release|Any CPU.Build.0 = Release|Any CPU
	EndGlobalSection
	GlobalSection(SolutionProperties) = preSolution
		HideSolutionNode = FALSE
	EndGlobalSection
	GlobalSection(ExtensibilityGlobals) = postSolution
		SolutionGuid = {83C56707-868E-45A3-88AD-4AFF198435E6}
	EndGlobalSection
EndGlobal
